# THIS IS AN AUTOGENERATED FILE. DO NOT EDIT THIS FILE DIRECTLY.
# yarn lockfile v1


"@types/wechat-miniprogram@^3.4.0":
  version "3.4.0"
  resolved "https://registry.nlark.com/@types/wechat-miniprogram/download/@types/wechat-miniprogram-3.4.0.tgz#d743d5b3c17bd531c2c178ea1fe9d92a0b23bcd0"
  integrity sha1-10PVs8F71THCwXjqH+nZKgsjvNA=
